
Microsoft Visual Studio Solution File, Format Version 12.00
# Visual Studio 15
VisualStudioVersion = 15.0.27428.2002
MinimumVisualStudioVersion = 10.0.40219.1
Project("{FAE04EC0-301F-11D3-BF4B-00C04F79EFBC}") = "DeamonApp", "DeamonApp\DeamonApp.csproj", "{CCC16333-0BDF-44F4-991E-479706D9070C}"
EndProject
Global
	GlobalSection(SolutionConfigurationPlatforms) = preSolution
		Debug|Any CPU = Debug|Any CPU
		Release|Any CPU = Release|Any CPU
	EndGlobalSection
	GlobalSection(ProjectConfigurationPlatforms) = postSolution
		{CCC16333-0BDF-44F4-991E-479706D9070C}.Debug|Any CPU.ActiveCfg = Debug|Any CPU
		{CCC16333-0BDF-44F4-991E-479706D9070C}.Debug|Any CPU.Build.0 = Debug|Any CPU
		{CCC16333-0BDF-44F4-991E-479706D9070C}.Release|Any CPU.ActiveCfg = Release|Any CPU
		{CCC16333-0BDF-44F4-991E-479706D9070C}.Release|Any CPU.Build.0 = Release|Any CPU
	EndGlobalSection
	GlobalSection(SolutionProperties) = preSolution
		HideSolutionNode = FALSE
	EndGlobalSection
	GlobalSection(ExtensibilityGlobals) = postSolution
		SolutionGuid = {13131D85-23AC-4BF8-80D5-6698AB6263A7}
	EndGlobalSection
EndGlobal
